// !$*UTF8*$!
{
	archiveVersion = 1;
	classes = {
	};
	objectVersion = 56;
	objects = {

/* Begin PBXBuildFile section */
		2D5184F02AACE97800521F20 /* EarthTimeApp.swift in Sources */ = {isa = PBXBuildFile; fileRef = 2D5184EF2AACE97800521F20 /* EarthTimeApp.swift */; };
		2D5184F22AACE97800521F20 /* ContentView.swift in Sources */ = {isa = PBXBuildFile; fileRef = 2D5184F12AACE97800521F20 /* ContentView.swift */; };
		2D5184F42AACE97A00521F20 /* Assets.xcassets in Resources */ = {isa = PBXBuildFile; fileRef = 2D5184F32AACE97A00521F20 /* Assets.xcassets */; };
		2D5184F72AACE97A00521F20 /* Preview Assets.xcassets in Resources */ = {isa = PBXBuildFile; fileRef = 2D5184F62AACE97A00521F20 /* Preview Assets.xcassets */; };
		2D5185012AACE97A00521F20 /* EarthTimeTests.swift in Sources */ = {isa = PBXBuildFile; fileRef = 2D5185002AACE97A00521F20 /* EarthTimeTests.swift */; };
		2D51850B2AACE97A00521F20 /* EarthTimeUITests.swift in Sources */ = {isa = PBXBuildFile; fileRef = 2D51850A2AACE97A00521F20 /* EarthTimeUITests.swift */; };
		2D51850D2AACE97A00521F20 /* EarthTimeUITestsLaunchTests.swift in Sources */ = {isa = PBXBuildFile; fileRef = 2D51850C2AACE97A00521F20 /* EarthTimeUITestsLaunchTests.swift */; };
		2D5185132AACE97A00521F20 /* EarthTime Watch App.app in Embed Watch Content */ = {isa = PBXBuildFile; fileRef = 2D5185122AACE97A00521F20 /* EarthTime Watch App.app */; settings = {ATTRIBUTES = (RemoveHeadersOnCopy, ); }; };
		2D5185182AACE97A00521F20 /* EarthTimeApp.swift in Sources */ = {isa = PBXBuildFile; fileRef = 2D5185172AACE97A00521F20 /* EarthTimeApp.swift */; };
		2D51851A2AACE97A00521F20 /* ContentView.swift in Sources */ = {isa = PBXBuildFile; fileRef = 2D5185192AACE97A00521F20 /* ContentView.swift */; };
		2D51851C2AACE97B00521F20 /* Assets.xcassets in Resources */ = {isa = PBXBuildFile; fileRef = 2D51851B2AACE97B00521F20 /* Assets.xcassets */; };
		2D51851F2AACE97B00521F20 /* Preview Assets.xcassets in Resources */ = {isa = PBXBuildFile; fileRef = 2D51851E2AACE97B00521F20 /* Preview Assets.xcassets */; };
		2D5185292AACE97B00521F20 /* EarthTime_Watch_AppTests.swift in Sources */ = {isa = PBXBuildFile; fileRef = 2D5185282AACE97B00521F20 /* EarthTime_Watch_AppTests.swift */; };
		2D5185332AACE97B00521F20 /* EarthTime_Watch_AppUITests.swift in Sources */ = {isa = PBXBuildFile; fileRef = 2D5185322AACE97B00521F20 /* EarthTime_Watch_AppUITests.swift */; };
		2D5185352AACE97B00521F20 /* EarthTime_Watch_AppUITestsLaunchTests.swift in Sources */ = {isa = PBXBuildFile; fileRef = 2D5185342AACE97B00521F20 /* EarthTime_Watch_AppUITestsLaunchTests.swift */; };
		2D51854E2AAE497F00521F20 /* CoreLocationUI.framework in Frameworks */ = {isa = PBXBuildFile; fileRef = 2D51854C2AAE497E00521F20 /* CoreLocationUI.framework */; };
		2D51854F2AAE497F00521F20 /* CoreLocation.framework in Frameworks */ = {isa = PBXBuildFile; fileRef = 2D51854D2AAE497F00521F20 /* CoreLocation.framework */; };
		2D5185522AAE4B1D00521F20 /* LocationManager.swift in Sources */ = {isa = PBXBuildFile; fileRef = 2D5185502AAE49E800521F20 /* LocationManager.swift */; };
		2D5185542AAE4B2200521F20 /* LocationManager.swift in Sources */ = {isa = PBXBuildFile; fileRef = 2D5185532AAE4B2200521F20 /* LocationManager.swift */; };
		2D5185562AAF467700521F20 /* Attributions.rtf in Resources */ = {isa = PBXBuildFile; fileRef = 2D5185552AAF467700521F20 /* Attributions.rtf */; };
		2D51855B2AAF5C5200521F20 /* SizeCalculator Extension.swift in Sources */ = {isa = PBXBuildFile; fileRef = 2D51855A2AAF5C5200521F20 /* SizeCalculator Extension.swift */; };
		2D51855C2AAF5C5200521F20 /* SizeCalculator Extension.swift in Sources */ = {isa = PBXBuildFile; fileRef = 2D51855A2AAF5C5200521F20 /* SizeCalculator Extension.swift */; };
/* End PBXBuildFile section */

/* Begin PBXContainerItemProxy section */
		2D5184FD2AACE97A00521F20 /* PBXContainerItemProxy */ = {
			isa = PBXContainerItemProxy;
			containerPortal = 2D5184E42AACE97800521F20 /* Project object */;
			proxyType = 1;
			remoteGlobalIDString = 2D5184EB2AACE97800521F20;
			remoteInfo = EarthTime;
		};
		2D5185072AACE97A00521F20 /* PBXContainerItemProxy */ = {
			isa = PBXContainerItemProxy;
			containerPortal = 2D5184E42AACE97800521F20 /* Project object */;
			proxyType = 1;
			remoteGlobalIDString = 2D5184EB2AACE97800521F20;
			remoteInfo = EarthTime;
		};
		2D5185142AACE97A00521F20 /* PBXContainerItemProxy */ = {
			isa = PBXContainerItemProxy;
			containerPortal = 2D5184E42AACE97800521F20 /* Project object */;
			proxyType = 1;
			remoteGlobalIDString = 2D5185112AACE97A00521F20;
			remoteInfo = "EarthTime Watch App";
		};
		2D5185252AACE97B00521F20 /* PBXContainerItemProxy */ = {
			isa = PBXContainerItemProxy;
			containerPortal = 2D5184E42AACE97800521F20 /* Project object */;
			proxyType = 1;
			remoteGlobalIDString = 2D5185112AACE97A00521F20;
			remoteInfo = "EarthTime Watch App";
		};
		2D51852F2AACE97B00521F20 /* PBXContainerItemProxy */ = {
			isa = PBXContainerItemProxy;
			containerPortal = 2D5184E42AACE97800521F20 /* Project object */;
			proxyType = 1;
			remoteGlobalIDString = 2D5185112AACE97A00521F20;
			remoteInfo = "EarthTime Watch App";
		};
/* End PBXContainerItemProxy section */

/* Begin PBXCopyFilesBuildPhase section */
		2D51853B2AACE97B00521F20 /* Embed Watch Content */ = {
			isa = PBXCopyFilesBuildPhase;
			buildActionMask = 2147483647;
			dstPath = "$(CONTENTS_FOLDER_PATH)/Watch";
			dstSubfolderSpec = 16;
			files = (
				2D5185132AACE97A00521F20 /* EarthTime Watch App.app in Embed Watch Content */,
			);
			name = "Embed Watch Content";
			runOnlyForDeploymentPostprocessing = 0;
		};
/* End PBXCopyFilesBuildPhase section */

/* Begin PBXFileReference section */
		2D5184EC2AACE97800521F20 /* EarthTime.app */ = {isa = PBXFileReference; explicitFileType = wrapper.application; includeInIndex = 0; path = EarthTime.app; sourceTree = BUILT_PRODUCTS_DIR; };
		2D5184EF2AACE97800521F20 /* EarthTimeApp.swift */ = {isa = PBXFileReference; lastKnownFileType = sourcecode.swift; path = EarthTimeApp.swift; sourceTree = "<group>"; };
		2D5184F12AACE97800521F20 /* ContentView.swift */ = {isa = PBXFileReference; lastKnownFileType = sourcecode.swift; path = ContentView.swift; sourceTree = "<group>"; };
		2D5184F32AACE97A00521F20 /* Assets.xcassets */ = {isa = PBXFileReference; lastKnownFileType = folder.assetcatalog; path = Assets.xcassets; sourceTree = "<group>"; };
		2D5184F62AACE97A00521F20 /* Preview Assets.xcassets */ = {isa = PBXFileReference; lastKnownFileType = folder.assetcatalog; path = "Preview Assets.xcassets"; sourceTree = "<group>"; };
		2D5184FC2AACE97A00521F20 /* EarthTimeTests.xctest */ = {isa = PBXFileReference; explicitFileType = wrapper.cfbundle; includeInIndex = 0; path = EarthTimeTests.xctest; sourceTree = BUILT_PRODUCTS_DIR; };
		2D5185002AACE97A00521F20 /* EarthTimeTests.swift */ = {isa = PBXFileReference; lastKnownFileType = sourcecode.swift; path = EarthTimeTests.swift; sourceTree = "<group>"; };
		2D5185062AACE97A00521F20 /* EarthTimeUITests.xctest */ = {isa = PBXFileReference; explicitFileType = wrapper.cfbundle; includeInIndex = 0; path = EarthTimeUITests.xctest; sourceTree = BUILT_PRODUCTS_DIR; };
		2D51850A2AACE97A00521F20 /* EarthTimeUITests.swift */ = {isa = PBXFileReference; lastKnownFileType = sourcecode.swift; path = EarthTimeUITests.swift; sourceTree = "<group>"; };
		2D51850C2AACE97A00521F20 /* EarthTimeUITestsLaunchTests.swift */ = {isa = PBXFileReference; lastKnownFileType = sourcecode.swift; path = EarthTimeUITestsLaunchTests.swift; sourceTree = "<group>"; };
		2D5185122AACE97A00521F20 /* EarthTime Watch App.app */ = {isa = PBXFileReference; explicitFileType = wrapper.application; includeInIndex = 0; path = "EarthTime Watch App.app"; sourceTree = BUILT_PRODUCTS_DIR; };
		2D5185172AACE97A00521F20 /* EarthTimeApp.swift */ = {isa = PBXFileReference; lastKnownFileType = sourcecode.swift; path = EarthTimeApp.swift; sourceTree = "<group>"; };
		2D5185192AACE97A00521F20 /* ContentView.swift */ = {isa = PBXFileReference; lastKnownFileType = sourcecode.swift; path = ContentView.swift; sourceTree = "<group>"; };
		2D51851B2AACE97B00521F20 /* Assets.xcassets */ = {isa = PBXFileReference; lastKnownFileType = folder.assetcatalog; path = Assets.xcassets; sourceTree = "<group>"; };
		2D51851E2AACE97B00521F20 /* Preview Assets.xcassets */ = {isa = PBXFileReference; lastKnownFileType = folder.assetcatalog; path = "Preview Assets.xcassets"; sourceTree = "<group>"; };
		2D5185242AACE97B00521F20 /* EarthTime Watch AppTests.xctest */ = {isa = PBXFileReference; explicitFileType = wrapper.cfbundle; includeInIndex = 0; path = "EarthTime Watch AppTests.xctest"; sourceTree = BUILT_PRODUCTS_DIR; };
		2D5185282AACE97B00521F20 /* EarthTime_Watch_AppTests.swift */ = {isa = PBXFileReference; lastKnownFileType = sourcecode.swift; path = EarthTime_Watch_AppTests.swift; sourceTree = "<group>"; };
		2D51852E2AACE97B00521F20 /* EarthTime Watch AppUITests.xctest */ = {isa = PBXFileReference; explicitFileType = wrapper.cfbundle; includeInIndex = 0; path = "EarthTime Watch AppUITests.xctest"; sourceTree = BUILT_PRODUCTS_DIR; };
		2D5185322AACE97B00521F20 /* EarthTime_Watch_AppUITests.swift */ = {isa = PBXFileReference; lastKnownFileType = sourcecode.swift; path = EarthTime_Watch_AppUITests.swift; sourceTree = "<group>"; };
		2D5185342AACE97B00521F20 /* EarthTime_Watch_AppUITestsLaunchTests.swift */ = {isa = PBXFileReference; lastKnownFileType = sourcecode.swift; path = EarthTime_Watch_AppUITestsLaunchTests.swift; sourceTree = "<group>"; };
		2D51854C2AAE497E00521F20 /* CoreLocationUI.framework */ = {isa = PBXFileReference; lastKnownFileType = wrapper.framework; name = CoreLocationUI.framework; path = Platforms/iPhoneOS.platform/Developer/SDKs/iPhoneOS16.4.sdk/System/Library/Frameworks/CoreLocationUI.framework; sourceTree = DEVELOPER_DIR; };
		2D51854D2AAE497F00521F20 /* CoreLocation.framework */ = {isa = PBXFileReference; lastKnownFileType = wrapper.framework; name = CoreLocation.framework; path = Platforms/iPhoneOS.platform/Developer/SDKs/iPhoneOS16.4.sdk/System/Library/Frameworks/CoreLocation.framework; sourceTree = DEVELOPER_DIR; };
		2D5185502AAE49E800521F20 /* LocationManager.swift */ = {isa = PBXFileReference; lastKnownFileType = sourcecode.swift; path = LocationManager.swift; sourceTree = "<group>"; };
		2D5185532AAE4B2200521F20 /* LocationManager.swift */ = {isa = PBXFileReference; lastKnownFileType = sourcecode.swift; path = LocationManager.swift; sourceTree = "<group>"; };
		2D5185552AAF467700521F20 /* Attributions.rtf */ = {isa = PBXFileReference; lastKnownFileType = text.rtf; path = Attributions.rtf; sourceTree = "<group>"; };
		2D51855A2AAF5C5200521F20 /* SizeCalculator Extension.swift */ = {isa = PBXFileReference; lastKnownFileType = sourcecode.swift; path = "SizeCalculator Extension.swift"; sourceTree = "<group>"; };
/* End PBXFileReference section */

/* Begin PBXFrameworksBuildPhase section */
		2D5184E92AACE97800521F20 /* Frameworks */ = {
			isa = PBXFrameworksBuildPhase;
			buildActionMask = 2147483647;
			files = (
				2D51854F2AAE497F00521F20 /* CoreLocation.framework in Frameworks */,
				2D51854E2AAE497F00521F20 /* CoreLocationUI.framework in Frameworks */,
			);
			runOnlyForDeploymentPostprocessing = 0;
		};
		2D5184F92AACE97A00521F20 /* Frameworks */ = {
			isa = PBXFrameworksBuildPhase;
			buildActionMask = 2147483647;
			files = (
			);
			runOnlyForDeploymentPostprocessing = 0;
		};
		2D5185032AACE97A00521F20 /* Frameworks */ = {
			isa = PBXFrameworksBuildPhase;
			buildActionMask = 2147483647;
			files = (
			);
			runOnlyForDeploymentPostprocessing = 0;
		};
		2D51850F2AACE97A00521F20 /* Frameworks */ = {
			isa = PBXFrameworksBuildPhase;
			buildActionMask = 2147483647;
			files = (
			);
			runOnlyForDeploymentPostprocessing = 0;
		};
		2D5185212AACE97B00521F20 /* Frameworks */ = {
			isa = PBXFrameworksBuildPhase;
			buildActionMask = 2147483647;
			files = (
			);
			runOnlyForDeploymentPostprocessing = 0;
		};
		2D51852B2AACE97B00521F20 /* Frameworks */ = {
			isa = PBXFrameworksBuildPhase;
			buildActionMask = 2147483647;
			files = (
			);
			runOnlyForDeploymentPostprocessing = 0;
		};
/* End PBXFrameworksBuildPhase section */

/* Begin PBXGroup section */
		2D5184E32AACE97800521F20 = {
			isa = PBXGroup;
			children = (
				2D51855A2AAF5C5200521F20 /* SizeCalculator Extension.swift */,
				2D5185552AAF467700521F20 /* Attributions.rtf */,
				2D5184EE2AACE97800521F20 /* EarthTime */,
				2D5184FF2AACE97A00521F20 /* EarthTimeTests */,
				2D5185092AACE97A00521F20 /* EarthTimeUITests */,
				2D5185162AACE97A00521F20 /* EarthTime Watch App */,
				2D5185272AACE97B00521F20 /* EarthTime Watch AppTests */,
				2D5185312AACE97B00521F20 /* EarthTime Watch AppUITests */,
				2D5184ED2AACE97800521F20 /* Products */,
				2D51854B2AAE497E00521F20 /* Frameworks */,
			);
			sourceTree = "<group>";
		};
		2D5184ED2AACE97800521F20 /* Products */ = {
			isa = PBXGroup;
			children = (
				2D5184EC2AACE97800521F20 /* EarthTime.app */,
				2D5184FC2AACE97A00521F20 /* EarthTimeTests.xctest */,
				2D5185062AACE97A00521F20 /* EarthTimeUITests.xctest */,
				2D5185122AACE97A00521F20 /* EarthTime Watch App.app */,
				2D5185242AACE97B00521F20 /* EarthTime Watch AppTests.xctest */,
				2D51852E2AACE97B00521F20 /* EarthTime Watch AppUITests.xctest */,
			);
			name = Products;
			sourceTree = "<group>";
		};
		2D5184EE2AACE97800521F20 /* EarthTime */ = {
			isa = PBXGroup;
			children = (
				2D5184EF2AACE97800521F20 /* EarthTimeApp.swift */,
				2D5184F12AACE97800521F20 /* ContentView.swift */,
				2D5185502AAE49E800521F20 /* LocationManager.swift */,
				2D5184F32AACE97A00521F20 /* Assets.xcassets */,
				2D5184F52AACE97A00521F20 /* Preview Content */,
			);
			path = EarthTime;
			sourceTree = "<group>";
		};
		2D5184F52AACE97A00521F20 /* Preview Content */ = {
			isa = PBXGroup;
			children = (
				2D5184F62AACE97A00521F20 /* Preview Assets.xcassets */,
			);
			path = "Preview Content";
			sourceTree = "<group>";
		};
		2D5184FF2AACE97A00521F20 /* EarthTimeTests */ = {
			isa = PBXGroup;
			children = (
				2D5185002AACE97A00521F20 /* EarthTimeTests.swift */,
			);
			path = EarthTimeTests;
			sourceTree = "<group>";
		};
		2D5185092AACE97A00521F20 /* EarthTimeUITests */ = {
			isa = PBXGroup;
			children = (
				2D51850A2AACE97A00521F20 /* EarthTimeUITests.swift */,
				2D51850C2AACE97A00521F20 /* EarthTimeUITestsLaunchTests.swift */,
			);
			path = EarthTimeUITests;
			sourceTree = "<group>";
		};
		2D5185162AACE97A00521F20 /* EarthTime Watch App */ = {
			isa = PBXGroup;
			children = (
				2D5185172AACE97A00521F20 /* EarthTimeApp.swift */,
				2D5185192AACE97A00521F20 /* ContentView.swift */,
				2D5185532AAE4B2200521F20 /* LocationManager.swift */,
				2D51851B2AACE97B00521F20 /* Assets.xcassets */,
				2D51851D2AACE97B00521F20 /* Preview Content */,
			);
			path = "EarthTime Watch App";
			sourceTree = "<group>";
		};
		2D51851D2AACE97B00521F20 /* Preview Content */ = {
			isa = PBXGroup;
			children = (
				2D51851E2AACE97B00521F20 /* Preview Assets.xcassets */,
			);
			path = "Preview Content";
			sourceTree = "<group>";
		};
		2D5185272AACE97B00521F20 /* EarthTime Watch AppTests */ = {
			isa = PBXGroup;
			children = (
				2D5185282AACE97B00521F20 /* EarthTime_Watch_AppTests.swift */,
			);
			path = "EarthTime Watch AppTests";
			sourceTree = "<group>";
		};
		2D5185312AACE97B00521F20 /* EarthTime Watch AppUITests */ = {
			isa = PBXGroup;
			children = (
				2D5185322AACE97B00521F20 /* EarthTime_Watch_AppUITests.swift */,
				2D5185342AACE97B00521F20 /* EarthTime_Watch_AppUITestsLaunchTests.swift */,
			);
			path = "EarthTime Watch AppUITests";
			sourceTree = "<group>";
		};
		2D51854B2AAE497E00521F20 /* Frameworks */ = {
			isa = PBXGroup;
			children = (
				2D51854D2AAE497F00521F20 /* CoreLocation.framework */,
				2D51854C2AAE497E00521F20 /* CoreLocationUI.framework */,
			);
			name = Frameworks;
			sourceTree = "<group>";
		};
/* End PBXGroup section */

/* Begin PBXNativeTarget section */
		2D5184EB2AACE97800521F20 /* EarthTime */ = {
			isa = PBXNativeTarget;
			buildConfigurationList = 2D51853C2AACE97B00521F20 /* Build configuration list for PBXNativeTarget "EarthTime" */;
			buildPhases = (
				2D5184E82AACE97800521F20 /* Sources */,
				2D5184E92AACE97800521F20 /* Frameworks */,
				2D5184EA2AACE97800521F20 /* Resources */,
				2D51853B2AACE97B00521F20 /* Embed Watch Content */,
			);
			buildRules = (
			);
			dependencies = (
				2D5185152AACE97A00521F20 /* PBXTargetDependency */,
			);
			name = EarthTime;
			productName = EarthTime;
			productReference = 2D5184EC2AACE97800521F20 /* EarthTime.app */;
			productType = "com.apple.product-type.application";
		};
		2D5184FB2AACE97A00521F20 /* EarthTimeTests */ = {
			isa = PBXNativeTarget;
			buildConfigurationList = 2D51853F2AACE97B00521F20 /* Build configuration list for PBXNativeTarget "EarthTimeTests" */;
			buildPhases = (
				2D5184F82AACE97A00521F20 /* Sources */,
				2D5184F92AACE97A00521F20 /* Frameworks */,
				2D5184FA2AACE97A00521F20 /* Resources */,
			);
			buildRules = (
			);
			dependencies = (
				2D5184FE2AACE97A00521F20 /* PBXTargetDependency */,
			);
			name = EarthTimeTests;
			productName = EarthTimeTests;
			productReference = 2D5184FC2AACE97A00521F20 /* EarthTimeTests.xctest */;
			productType = "com.apple.product-type.bundle.unit-test";
		};
		2D5185052AACE97A00521F20 /* EarthTimeUITests */ = {
			isa = PBXNativeTarget;
			buildConfigurationList = 2D5185422AACE97B00521F20 /* Build configuration list for PBXNativeTarget "EarthTimeUITests" */;
			buildPhases = (
				2D5185022AACE97A00521F20 /* Sources */,
				2D5185032AACE97A00521F20 /* Frameworks */,
				2D5185042AACE97A00521F20 /* Resources */,
			);
			buildRules = (
			);
			dependencies = (
				2D5185082AACE97A00521F20 /* PBXTargetDependency */,
			);
			name = EarthTimeUITests;
			productName = EarthTimeUITests;
			productReference = 2D5185062AACE97A00521F20 /* EarthTimeUITests.xctest */;
			productType = "com.apple.product-type.bundle.ui-testing";
		};
		2D5185112AACE97A00521F20 /* EarthTime Watch App */ = {
			isa = PBXNativeTarget;
			buildConfigurationList = 2D5185382AACE97B00521F20 /* Build configuration list for PBXNativeTarget "EarthTime Watch App" */;
			buildPhases = (
				2D51850E2AACE97A00521F20 /* Sources */,
				2D51850F2AACE97A00521F20 /* Frameworks */,
				2D5185102AACE97A00521F20 /* Resources */,
			);
			buildRules = (
			);
			dependencies = (
			);
			name = "EarthTime Watch App";
			productName = "EarthTime Watch App";
			productReference = 2D5185122AACE97A00521F20 /* EarthTime Watch App.app */;
			productType = "com.apple.product-type.application";
		};
		2D5185232AACE97B00521F20 /* EarthTime Watch AppTests */ = {
			isa = PBXNativeTarget;
			buildConfigurationList = 2D5185452AACE97B00521F20 /* Build configuration list for PBXNativeTarget "EarthTime Watch AppTests" */;
			buildPhases = (
				2D5185202AACE97B00521F20 /* Sources */,
				2D5185212AACE97B00521F20 /* Frameworks */,
				2D5185222AACE97B00521F20 /* Resources */,
			);
			buildRules = (
			);
			dependencies = (
				2D5185262AACE97B00521F20 /* PBXTargetDependency */,
			);
			name = "EarthTime Watch AppTests";
			productName = "EarthTime Watch AppTests";
			productReference = 2D5185242AACE97B00521F20 /* EarthTime Watch AppTests.xctest */;
			productType = "com.apple.product-type.bundle.unit-test";
		};
		2D51852D2AACE97B00521F20 /* EarthTime Watch AppUITests */ = {
			isa = PBXNativeTarget;
			buildConfigurationList = 2D5185482AACE97B00521F20 /* Build configuration list for PBXNativeTarget "EarthTime Watch AppUITests" */;
			buildPhases = (
				2D51852A2AACE97B00521F20 /* Sources */,
				2D51852B2AACE97B00521F20 /* Frameworks */,
				2D51852C2AACE97B00521F20 /* Resources */,
			);
			buildRules = (
			);
			dependencies = (
				2D5185302AACE97B00521F20 /* PBXTargetDependency */,
			);
			name = "EarthTime Watch AppUITests";
			productName = "EarthTime Watch AppUITests";
			productReference = 2D51852E2AACE97B00521F20 /* EarthTime Watch AppUITests.xctest */;
			productType = "com.apple.product-type.bundle.ui-testing";
		};
/* End PBXNativeTarget section */

/* Begin PBXProject section */
		2D5184E42AACE97800521F20 /* Project object */ = {
			isa = PBXProject;
			attributes = {
				BuildIndependentTargetsInParallel = 1;
				LastSwiftUpdateCheck = 1430;
				LastUpgradeCheck = 1430;
				TargetAttributes = {
					2D5184EB2AACE97800521F20 = {
						CreatedOnToolsVersion = 14.3;
					};
					2D5184FB2AACE97A00521F20 = {
						CreatedOnToolsVersion = 14.3;
						TestTargetID = 2D5184EB2AACE97800521F20;
					};
					2D5185052AACE97A00521F20 = {
						CreatedOnToolsVersion = 14.3;
						TestTargetID = 2D5184EB2AACE97800521F20;
					};
					2D5185112AACE97A00521F20 = {
						CreatedOnToolsVersion = 14.3;
					};
					2D5185232AACE97B00521F20 = {
						CreatedOnToolsVersion = 14.3;
						TestTargetID = 2D5185112AACE97A00521F20;
					};
					2D51852D2AACE97B00521F20 = {
						CreatedOnToolsVersion = 14.3;
						TestTargetID = 2D5185112AACE97A00521F20;
					};
				};
			};
			buildConfigurationList = 2D5184E72AACE97800521F20 /* Build configuration list for PBXProject "EarthTime" */;
			compatibilityVersion = "Xcode 14.0";
			developmentRegion = en;
			hasScannedForEncodings = 0;
			knownRegions = (
				en,
				Base,
			);
			mainGroup = 2D5184E32AACE97800521F20;
			productRefGroup = 2D5184ED2AACE97800521F20 /* Products */;
			projectDirPath = "";
			projectRoot = "";
			targets = (
				2D5184EB2AACE97800521F20 /* EarthTime */,
				2D5184FB2AACE97A00521F20 /* EarthTimeTests */,
				2D5185052AACE97A00521F20 /* EarthTimeUITests */,
				2D5185112AACE97A00521F20 /* EarthTime Watch App */,
				2D5185232AACE97B00521F20 /* EarthTime Watch AppTests */,
				2D51852D2AACE97B00521F20 /* EarthTime Watch AppUITests */,
			);
		};
/* End PBXProject section */

/* Begin PBXResourcesBuildPhase section */
		2D5184EA2AACE97800521F20 /* Resources */ = {
			isa = PBXResourcesBuildPhase;
			buildActionMask = 2147483647;
			files = (
				2D5185562AAF467700521F20 /* Attributions.rtf in Resources */,
				2D5184F72AACE97A00521F20 /* Preview Assets.xcassets in Resources */,
				2D5184F42AACE97A00521F20 /* Assets.xcassets in Resources */,
			);
			runOnlyForDeploymentPostprocessing = 0;
		};
		2D5184FA2AACE97A00521F20 /* Resources */ = {
			isa = PBXResourcesBuildPhase;
			buildActionMask = 2147483647;
			files = (
			);
			runOnlyForDeploymentPostprocessing = 0;
		};
		2D5185042AACE97A00521F20 /* Resources */ = {
			isa = PBXResourcesBuildPhase;
			buildActionMask = 2147483647;
			files = (
			);
			runOnlyForDeploymentPostprocessing = 0;
		};
		2D5185102AACE97A00521F20 /* Resources */ = {
			isa = PBXResourcesBuildPhase;
			buildActionMask = 2147483647;
			files = (
				2D51851F2AACE97B00521F20 /* Preview Assets.xcassets in Resources */,
				2D51851C2AACE97B00521F20 /* Assets.xcassets in Resources */,
			);
			runOnlyForDeploymentPostprocessing = 0;
		};
		2D5185222AACE97B00521F20 /* Resources */ = {
			isa = PBXResourcesBuildPhase;
			buildActionMask = 2147483647;
			files = (
			);
			runOnlyForDeploymentPostprocessing = 0;
		};
		2D51852C2AACE97B00521F20 /* Resources */ = {
			isa = PBXResourcesBuildPhase;
			buildActionMask = 2147483647;
			files = (
			);
			runOnlyForDeploymentPostprocessing = 0;
		};
/* End PBXResourcesBuildPhase section */

/* Begin PBXSourcesBuildPhase section */
		2D5184E82AACE97800521F20 /* Sources */ = {
			isa = PBXSourcesBuildPhase;
			buildActionMask = 2147483647;
			files = (
				2D5184F22AACE97800521F20 /* ContentView.swift in Sources */,
				2D5184F02AACE97800521F20 /* EarthTimeApp.swift in Sources */,
				2D5185522AAE4B1D00521F20 /* LocationManager.swift in Sources */,
				2D51855B2AAF5C5200521F20 /* SizeCalculator Extension.swift in Sources */,
			);
			runOnlyForDeploymentPostprocessing = 0;
		};
		2D5184F82AACE97A00521F20 /* Sources */ = {
			isa = PBXSourcesBuildPhase;
			buildActionMask = 2147483647;
			files = (
				2D5185012AACE97A00521F20 /* EarthTimeTests.swift in Sources */,
			);
			runOnlyForDeploymentPostprocessing = 0;
		};
		2D5185022AACE97A00521F20 /* Sources */ = {
			isa = PBXSourcesBuildPhase;
			buildActionMask = 2147483647;
			files = (
				2D51850D2AACE97A00521F20 /* EarthTimeUITestsLaunchTests.swift in Sources */,
				2D51850B2AACE97A00521F20 /* EarthTimeUITests.swift in Sources */,
			);
			runOnlyForDeploymentPostprocessing = 0;
		};
		2D51850E2AACE97A00521F20 /* Sources */ = {
			isa = PBXSourcesBuildPhase;
			buildActionMask = 2147483647;
			files = (
				2D51851A2AACE97A00521F20 /* ContentView.swift in Sources */,
				2D5185182AACE97A00521F20 /* EarthTimeApp.swift in Sources */,
				2D5185542AAE4B2200521F20 /* LocationManager.swift in Sources */,
				2D51855C2AAF5C5200521F20 /* SizeCalculator Extension.swift in Sources */,
			);
			runOnlyForDeploymentPostprocessing = 0;
		};
		2D5185202AACE97B00521F20 /* Sources */ = {
			isa = PBXSourcesBuildPhase;
			buildActionMask = 2147483647;
			files = (
				2D5185292AACE97B00521F20 /* EarthTime_Watch_AppTests.swift in Sources */,
			);
			runOnlyForDeploymentPostprocessing = 0;
		};
		2D51852A2AACE97B00521F20 /* Sources */ = {
			isa = PBXSourcesBuildPhase;
			buildActionMask = 2147483647;
			files = (
				2D5185352AACE97B00521F20 /* EarthTime_Watch_AppUITestsLaunchTests.swift in Sources */,
				2D5185332AACE97B00521F20 /* EarthTime_Watch_AppUITests.swift in Sources */,
			);
			runOnlyForDeploymentPostprocessing = 0;
		};
/* End PBXSourcesBuildPhase section */

/* Begin PBXTargetDependency section */
		2D5184FE2AACE97A00521F20 /* PBXTargetDependency */ = {
			isa = PBXTargetDependency;
			target = 2D5184EB2AACE97800521F20 /* EarthTime */;
			targetProxy = 2D5184FD2AACE97A00521F20 /* PBXContainerItemProxy */;
		};
		2D5185082AACE97A00521F20 /* PBXTargetDependency */ = {
			isa = PBXTargetDependency;
			target = 2D5184EB2AACE97800521F20 /* EarthTime */;
			targetProxy = 2D5185072AACE97A00521F20 /* PBXContainerItemProxy */;
		};
		2D5185152AACE97A00521F20 /* PBXTargetDependency */ = {
			isa = PBXTargetDependency;
			target = 2D5185112AACE97A00521F20 /* EarthTime Watch App */;
			targetProxy = 2D5185142AACE97A00521F20 /* PBXContainerItemProxy */;
		};
		2D5185262AACE97B00521F20 /* PBXTargetDependency */ = {
			isa = PBXTargetDependency;
			target = 2D5185112AACE97A00521F20 /* EarthTime Watch App */;
			targetProxy = 2D5185252AACE97B00521F20 /* PBXContainerItemProxy */;
		};
		2D5185302AACE97B00521F20 /* PBXTargetDependency */ = {
			isa = PBXTargetDependency;
			target = 2D5185112AACE97A00521F20 /* EarthTime Watch App */;
			targetProxy = 2D51852F2AACE97B00521F20 /* PBXContainerItemProxy */;
		};
/* End PBXTargetDependency section */

/* Begin XCBuildConfiguration section */
		2D5185362AACE97B00521F20 /* Debug */ = {
			isa = XCBuildConfiguration;
			buildSettings = {
				ALWAYS_SEARCH_USER_PATHS = NO;
				CLANG_ANALYZER_NONNULL = YES;
				CLANG_ANALYZER_NUMBER_OBJECT_CONVERSION = YES_AGGRESSIVE;
				CLANG_CXX_LANGUAGE_STANDARD = "gnu++20";
				CLANG_ENABLE_MODULES = YES;
				CLANG_ENABLE_OBJC_ARC = YES;
				CLANG_ENABLE_OBJC_WEAK = YES;
				CLANG_WARN_BLOCK_CAPTURE_AUTORELEASING = YES;
				CLANG_WARN_BOOL_CONVERSION = YES;
				CLANG_WARN_COMMA = YES;
				CLANG_WARN_CONSTANT_CONVERSION = YES;
				CLANG_WARN_DEPRECATED_OBJC_IMPLEMENTATIONS = YES;
				CLANG_WARN_DIRECT_OBJC_ISA_USAGE = YES_ERROR;
				CLANG_WARN_DOCUMENTATION_COMMENTS = YES;
				CLANG_WARN_EMPTY_BODY = YES;
				CLANG_WARN_ENUM_CONVERSION = YES;
				CLANG_WARN_INFINITE_RECURSION = YES;
				CLANG_WARN_INT_CONVERSION = YES;
				CLANG_WARN_NON_LITERAL_NULL_CONVERSION = YES;
				CLANG_WARN_OBJC_IMPLICIT_RETAIN_SELF = YES;
				CLANG_WARN_OBJC_LITERAL_CONVERSION = YES;
				CLANG_WARN_OBJC_ROOT_CLASS = YES_ERROR;
				CLANG_WARN_QUOTED_INCLUDE_IN_FRAMEWORK_HEADER = YES;
				CLANG_WARN_RANGE_LOOP_ANALYSIS = YES;
				CLANG_WARN_STRICT_PROTOTYPES = YES;
				CLANG_WARN_SUSPICIOUS_MOVE = YES;
				CLANG_WARN_UNGUARDED_AVAILABILITY = YES_AGGRESSIVE;
				CLANG_WARN_UNREACHABLE_CODE = YES;
				CLANG_WARN__DUPLICATE_METHOD_MATCH = YES;
				COPY_PHASE_STRIP = NO;
				DEBUG_INFORMATION_FORMAT = dwarf;
				ENABLE_STRICT_OBJC_MSGSEND = YES;
				ENABLE_TESTABILITY = YES;
				GCC_C_LANGUAGE_STANDARD = gnu11;
				GCC_DYNAMIC_NO_PIC = NO;
				GCC_NO_COMMON_BLOCKS = YES;
				GCC_OPTIMIZATION_LEVEL = 0;
				GCC_PREPROCESSOR_DEFINITIONS = (
					"DEBUG=1",
					"$(inherited)",
				);
				GCC_WARN_64_TO_32_BIT_CONVERSION = YES;
				GCC_WARN_ABOUT_RETURN_TYPE = YES_ERROR;
				GCC_WARN_UNDECLARED_SELECTOR = YES;
				GCC_WARN_UNINITIALIZED_AUTOS = YES_AGGRESSIVE;
				GCC_WARN_UNUSED_FUNCTION = YES;
				GCC_WARN_UNUSED_VARIABLE = YES;
				MTL_ENABLE_DEBUG_INFO = INCLUDE_SOURCE;
				MTL_FAST_MATH = YES;
				ONLY_ACTIVE_ARCH = YES;
				SWIFT_ACTIVE_COMPILATION_CONDITIONS = DEBUG;
				SWIFT_OPTIMIZATION_LEVEL = "-Onone";
			};
			name = Debug;
		};
		2D5185372AACE97B00521F20 /* Release */ = {
			isa = XCBuildConfiguration;
			buildSettings = {
				ALWAYS_SEARCH_USER_PATHS = NO;
				CLANG_ANALYZER_NONNULL = YES;
				CLANG_ANALYZER_NUMBER_OBJECT_CONVERSION = YES_AGGRESSIVE;
				CLANG_CXX_LANGUAGE_STANDARD = "gnu++20";
				CLANG_ENABLE_MODULES = YES;
				CLANG_ENABLE_OBJC_ARC = YES;
				CLANG_ENABLE_OBJC_WEAK = YES;
				CLANG_WARN_BLOCK_CAPTURE_AUTORELEASING = YES;
				CLANG_WARN_BOOL_CONVERSION = YES;
				CLANG_WARN_COMMA = YES;
				CLANG_WARN_CONSTANT_CONVERSION = YES;
				CLANG_WARN_DEPRECATED_OBJC_IMPLEMENTATIONS = YES;
				CLANG_WARN_DIRECT_OBJC_ISA_USAGE = YES_ERROR;
				CLANG_WARN_DOCUMENTATION_COMMENTS = YES;
				CLANG_WARN_EMPTY_BODY = YES;
				CLANG_WARN_ENUM_CONVERSION = YES;
				CLANG_WARN_INFINITE_RECURSION = YES;
				CLANG_WARN_INT_CONVERSION = YES;
				CLANG_WARN_NON_LITERAL_NULL_CONVERSION = YES;
				CLANG_WARN_OBJC_IMPLICIT_RETAIN_SELF = YES;
				CLANG_WARN_OBJC_LITERAL_CONVERSION = YES;
				CLANG_WARN_OBJC_ROOT_CLASS = YES_ERROR;
				CLANG_WARN_QUOTED_INCLUDE_IN_FRAMEWORK_HEADER = YES;
				CLANG_WARN_RANGE_LOOP_ANALYSIS = YES;
				CLANG_WARN_STRICT_PROTOTYPES = YES;
				CLANG_WARN_SUSPICIOUS_MOVE = YES;
				CLANG_WARN_UNGUARDED_AVAILABILITY = YES_AGGRESSIVE;
				CLANG_WARN_UNREACHABLE_CODE = YES;
				CLANG_WARN__DUPLICATE_METHOD_MATCH = YES;
				COPY_PHASE_STRIP = NO;
				DEBUG_INFORMATION_FORMAT = "dwarf-with-dsym";
				ENABLE_NS_ASSERTIONS = NO;
				ENABLE_STRICT_OBJC_MSGSEND = YES;
				GCC_C_LANGUAGE_STANDARD = gnu11;
				GCC_NO_COMMON_BLOCKS = YES;
				GCC_WARN_64_TO_32_BIT_CONVERSION = YES;
				GCC_WARN_ABOUT_RETURN_TYPE = YES_ERROR;
				GCC_WARN_UNDECLARED_SELECTOR = YES;
				GCC_WARN_UNINITIALIZED_AUTOS = YES_AGGRESSIVE;
				GCC_WARN_UNUSED_FUNCTION = YES;
				GCC_WARN_UNUSED_VARIABLE = YES;
				MTL_ENABLE_DEBUG_INFO = NO;
				MTL_FAST_MATH = YES;
				SWIFT_COMPILATION_MODE = wholemodule;
				SWIFT_OPTIMIZATION_LEVEL = "-O";
			};
			name = Release;
		};
		2D5185392AACE97B00521F20 /* Debug */ = {
			isa = XCBuildConfiguration;
			buildSettings = {
				ASSETCATALOG_COMPILER_APPICON_NAME = AppIcon;
				ASSETCATALOG_COMPILER_GLOBAL_ACCENT_COLOR_NAME = AccentColor;
				CODE_SIGN_STYLE = Automatic;
				CURRENT_PROJECT_VERSION = 1;
				DEVELOPMENT_ASSET_PATHS = "\"EarthTime Watch App/Preview Content\"";
				DEVELOPMENT_TEAM = T95NG6LKAU;
				ENABLE_PREVIEWS = YES;
				GENERATE_INFOPLIST_FILE = YES;
				INFOPLIST_KEY_CFBundleDisplayName = EarthTime;
				INFOPLIST_KEY_UISupportedInterfaceOrientations = "UIInterfaceOrientationPortrait UIInterfaceOrientationPortraitUpsideDown";
				INFOPLIST_KEY_WKCompanionAppBundleIdentifier = com.jessewonderclark.EarthTime;
				LD_RUNPATH_SEARCH_PATHS = (
					"$(inherited)",
					"@executable_path/Frameworks",
				);
				MARKETING_VERSION = 1.0;
				PRODUCT_BUNDLE_IDENTIFIER = com.jessewonderclark.EarthTime.watchkitapp;
				PRODUCT_NAME = "$(TARGET_NAME)";
				SDKROOT = watchos;
				SKIP_INSTALL = YES;
				SWIFT_EMIT_LOC_STRINGS = YES;
				SWIFT_VERSION = 5.0;
				TARGETED_DEVICE_FAMILY = 4;
				WATCHOS_DEPLOYMENT_TARGET = 9.4;
			};
			name = Debug;
		};
		2D51853A2AACE97B00521F20 /* Release */ = {
			isa = XCBuildConfiguration;
			buildSettings = {
				ASSETCATALOG_COMPILER_APPICON_NAME = AppIcon;
				ASSETCATALOG_COMPILER_GLOBAL_ACCENT_COLOR_NAME = AccentColor;
				CODE_SIGN_STYLE = Automatic;
				CURRENT_PROJECT_VERSION = 1;
				DEVELOPMENT_ASSET_PATHS = "\"EarthTime Watch App/Preview Content\"";
				DEVELOPMENT_TEAM = T95NG6LKAU;
				ENABLE_PREVIEWS = YES;
				GENERATE_INFOPLIST_FILE = YES;
				INFOPLIST_KEY_CFBundleDisplayName = EarthTime;
				INFOPLIST_KEY_UISupportedInterfaceOrientations = "UIInterfaceOrientationPortrait UIInterfaceOrientationPortraitUpsideDown";
				INFOPLIST_KEY_WKCompanionAppBundleIdentifier = com.jessewonderclark.EarthTime;
				LD_RUNPATH_SEARCH_PATHS = (
					"$(inherited)",
					"@executable_path/Frameworks",
				);
				MARKETING_VERSION = 1.0;
				PRODUCT_BUNDLE_IDENTIFIER = com.jessewonderclark.EarthTime.watchkitapp;
				PRODUCT_NAME = "$(TARGET_NAME)";
				SDKROOT = watchos;
				SKIP_INSTALL = YES;
				SWIFT_EMIT_LOC_STRINGS = YES;
				SWIFT_VERSION = 5.0;
				TARGETED_DEVICE_FAMILY = 4;
				VALIDATE_PRODUCT = YES;
				WATCHOS_DEPLOYMENT_TARGET = 9.4;
			};
			name = Release;
		};
		2D51853D2AACE97B00521F20 /* Debug */ = {
			isa = XCBuildConfiguration;
			buildSettings = {
				ALWAYS_EMBED_SWIFT_STANDARD_LIBRARIES = YES;
				ASSETCATALOG_COMPILER_APPICON_NAME = AppIcon;
				ASSETCATALOG_COMPILER_GLOBAL_ACCENT_COLOR_NAME = AccentColor;
				CODE_SIGN_STYLE = Automatic;
				CURRENT_PROJECT_VERSION = 1;
				DEVELOPMENT_ASSET_PATHS = "\"EarthTime/Preview Content\"";
				DEVELOPMENT_TEAM = T95NG6LKAU;
				ENABLE_PREVIEWS = YES;
				GENERATE_INFOPLIST_FILE = YES;
				INFOPLIST_KEY_CFBundleDisplayName = EarthTime;
				INFOPLIST_KEY_NSLocationAlwaysUsageDescription = "";
				INFOPLIST_KEY_NSLocationWhenInUseUsageDescription = "";
				INFOPLIST_KEY_UIApplicationSceneManifest_Generation = YES;
				INFOPLIST_KEY_UIApplicationSupportsIndirectInputEvents = YES;
				INFOPLIST_KEY_UILaunchScreen_Generation = YES;
				INFOPLIST_KEY_UISupportedInterfaceOrientations_iPad = "UIInterfaceOrientationPortrait UIInterfaceOrientationPortraitUpsideDown UIInterfaceOrientationLandscapeLeft UIInterfaceOrientationLandscapeRight";
				INFOPLIST_KEY_UISupportedInterfaceOrientations_iPhone = "UIInterfaceOrientationPortrait UIInterfaceOrientationLandscapeLeft UIInterfaceOrientationLandscapeRight";
				IPHONEOS_DEPLOYMENT_TARGET = 16.4;
				LD_RUNPATH_SEARCH_PATHS = (
					"$(inherited)",
					"@executable_path/Frameworks",
				);
				MARKETING_VERSION = 1.0;
				PRODUCT_BUNDLE_IDENTIFIER = com.jessewonderclark.EarthTime;
				PRODUCT_NAME = "$(TARGET_NAME)";
				SDKROOT = iphoneos;
				SWIFT_EMIT_LOC_STRINGS = YES;
				SWIFT_VERSION = 5.0;
				TARGETED_DEVICE_FAMILY = "1,2";
			};
			name = Debug;
		};
		2D51853E2AACE97B00521F20 /* Release */ = {
			isa = XCBuildConfiguration;
			buildSettings = {
				ALWAYS_EMBED_SWIFT_STANDARD_LIBRARIES = YES;
				ASSETCATALOG_COMPILER_APPICON_NAME = AppIcon;
				ASSETCATALOG_COMPILER_GLOBAL_ACCENT_COLOR_NAME = AccentColor;
				CODE_SIGN_STYLE = Automatic;
				CURRENT_PROJECT_VERSION = 1;
				DEVELOPMENT_ASSET_PATHS = "\"EarthTime/Preview Content\"";
				DEVELOPMENT_TEAM = T95NG6LKAU;
				ENABLE_PREVIEWS = YES;
				GENERATE_INFOPLIST_FILE = YES;
				INFOPLIST_KEY_CFBundleDisplayName = EarthTime;
				INFOPLIST_KEY_NSLocationAlwaysUsageDescription = "";
				INFOPLIST_KEY_NSLocationWhenInUseUsageDescription = "";
				INFOPLIST_KEY_UIApplicationSceneManifest_Generation = YES;
				INFOPLIST_KEY_UIApplicationSupportsIndirectInputEvents = YES;
				INFOPLIST_KEY_UILaunchScreen_Generation = YES;
				INFOPLIST_KEY_UISupportedInterfaceOrientations_iPad = "UIInterfaceOrientationPortrait UIInterfaceOrientationPortraitUpsideDown UIInterfaceOrientationLandscapeLeft UIInterfaceOrientationLandscapeRight";
				INFOPLIST_KEY_UISupportedInterfaceOrientations_iPhone = "UIInterfaceOrientationPortrait UIInterfaceOrientationLandscapeLeft UIInterfaceOrientationLandscapeRight";
				IPHONEOS_DEPLOYMENT_TARGET = 16.4;
				LD_RUNPATH_SEARCH_PATHS = (
					"$(inherited)",
					"@executable_path/Frameworks",
				);
				MARKETING_VERSION = 1.0;
				PRODUCT_BUNDLE_IDENTIFIER = com.jessewonderclark.EarthTime;
				PRODUCT_NAME = "$(TARGET_NAME)";
				SDKROOT = iphoneos;
				SWIFT_EMIT_LOC_STRINGS = YES;
				SWIFT_VERSION = 5.0;
				TARGETED_DEVICE_FAMILY = "1,2";
				VALIDATE_PRODUCT = YES;
			};
			name = Release;
		};
		2D5185402AACE97B00521F20 /* Debug */ = {
			isa = XCBuildConfiguration;
			buildSettings = {
				ALWAYS_EMBED_SWIFT_STANDARD_LIBRARIES = YES;
				BUNDLE_LOADER = "$(TEST_HOST)";
				CODE_SIGN_STYLE = Automatic;
				CURRENT_PROJECT_VERSION = 1;
				DEVELOPMENT_TEAM = T95NG6LKAU;
				GENERATE_INFOPLIST_FILE = YES;
				IPHONEOS_DEPLOYMENT_TARGET = 16.4;
				MARKETING_VERSION = 1.0;
				PRODUCT_BUNDLE_IDENTIFIER = com.jessewonderclark.EarthTimeTests;
				PRODUCT_NAME = "$(TARGET_NAME)";
				SDKROOT = iphoneos;
				SWIFT_EMIT_LOC_STRINGS = NO;
				SWIFT_VERSION = 5.0;
				TARGETED_DEVICE_FAMILY = "1,2";
				TEST_HOST = "$(BUILT_PRODUCTS_DIR)/EarthTime.app/$(BUNDLE_EXECUTABLE_FOLDER_PATH)/EarthTime";
			};
			name = Debug;
		};
		2D5185412AACE97B00521F20 /* Release */ = {
			isa = XCBuildConfiguration;
			buildSettings = {
				ALWAYS_EMBED_SWIFT_STANDARD_LIBRARIES = YES;
				BUNDLE_LOADER = "$(TEST_HOST)";
				CODE_SIGN_STYLE = Automatic;
				CURRENT_PROJECT_VERSION = 1;
				DEVELOPMENT_TEAM = T95NG6LKAU;
				GENERATE_INFOPLIST_FILE = YES;
				IPHONEOS_DEPLOYMENT_TARGET = 16.4;
				MARKETING_VERSION = 1.0;
				PRODUCT_BUNDLE_IDENTIFIER = com.jessewonderclark.EarthTimeTests;
				PRODUCT_NAME = "$(TARGET_NAME)";
				SDKROOT = iphoneos;
				SWIFT_EMIT_LOC_STRINGS = NO;
				SWIFT_VERSION = 5.0;
				TARGETED_DEVICE_FAMILY = "1,2";
				TEST_HOST = "$(BUILT_PRODUCTS_DIR)/EarthTime.app/$(BUNDLE_EXECUTABLE_FOLDER_PATH)/EarthTime";
				VALIDATE_PRODUCT = YES;
			};
			name = Release;
		};
		2D5185432AACE97B00521F20 /* Debug */ = {
			isa = XCBuildConfiguration;
			buildSettings = {
				ALWAYS_EMBED_SWIFT_STANDARD_LIBRARIES = YES;
				CODE_SIGN_STYLE = Automatic;
				CURRENT_PROJECT_VERSION = 1;
				DEVELOPMENT_TEAM = T95NG6LKAU;
				GENERATE_INFOPLIST_FILE = YES;
				IPHONEOS_DEPLOYMENT_TARGET = 16.4;
				MARKETING_VERSION = 1.0;
				PRODUCT_BUNDLE_IDENTIFIER = com.jessewonderclark.EarthTimeUITests;
				PRODUCT_NAME = "$(TARGET_NAME)";
				SDKROOT = iphoneos;
				SWIFT_EMIT_LOC_STRINGS = NO;
				SWIFT_VERSION = 5.0;
				TARGETED_DEVICE_FAMILY = "1,2";
				TEST_TARGET_NAME = EarthTime;
			};
			name = Debug;
		};
		2D5185442AACE97B00521F20 /* Release */ = {
			isa = XCBuildConfiguration;
			buildSettings = {
				ALWAYS_EMBED_SWIFT_STANDARD_LIBRARIES = YES;
				CODE_SIGN_STYLE = Automatic;
				CURRENT_PROJECT_VERSION = 1;
				DEVELOPMENT_TEAM = T95NG6LKAU;
				GENERATE_INFOPLIST_FILE = YES;
				IPHONEOS_DEPLOYMENT_TARGET = 16.4;
				MARKETING_VERSION = 1.0;
				PRODUCT_BUNDLE_IDENTIFIER = com.jessewonderclark.EarthTimeUITests;
				PRODUCT_NAME = "$(TARGET_NAME)";
				SDKROOT = iphoneos;
				SWIFT_EMIT_LOC_STRINGS = NO;
				SWIFT_VERSION = 5.0;
				TARGETED_DEVICE_FAMILY = "1,2";
				TEST_TARGET_NAME = EarthTime;
				VALIDATE_PRODUCT = YES;
			};
			name = Release;
		};
		2D5185462AACE97B00521F20 /* Debug */ = {
			isa = XCBuildConfiguration;
			buildSettings = {
				ALWAYS_EMBED_SWIFT_STANDARD_LIBRARIES = YES;
				BUNDLE_LOADER = "$(TEST_HOST)";
				CODE_SIGN_STYLE = Automatic;
				CURRENT_PROJECT_VERSION = 1;
				DEVELOPMENT_TEAM = T95NG6LKAU;
				GENERATE_INFOPLIST_FILE = YES;
				MARKETING_VERSION = 1.0;
				PRODUCT_BUNDLE_IDENTIFIER = "com.jessewonderclark.EarthTime-Watch-AppTests";
				PRODUCT_NAME = "$(TARGET_NAME)";
				SDKROOT = watchos;
				SWIFT_EMIT_LOC_STRINGS = NO;
				SWIFT_VERSION = 5.0;
				TARGETED_DEVICE_FAMILY = 4;
				TEST_HOST = "$(BUILT_PRODUCTS_DIR)/EarthTime Watch App.app/$(BUNDLE_EXECUTABLE_FOLDER_PATH)/EarthTime Watch App";
				WATCHOS_DEPLOYMENT_TARGET = 9.4;
			};
			name = Debug;
		};
		2D5185472AACE97B00521F20 /* Release */ = {
			isa = XCBuildConfiguration;
			buildSettings = {
				ALWAYS_EMBED_SWIFT_STANDARD_LIBRARIES = YES;
				BUNDLE_LOADER = "$(TEST_HOST)";
				CODE_SIGN_STYLE = Automatic;
				CURRENT_PROJECT_VERSION = 1;
				DEVELOPMENT_TEAM = T95NG6LKAU;
				GENERATE_INFOPLIST_FILE = YES;
				MARKETING_VERSION = 1.0;
				PRODUCT_BUNDLE_IDENTIFIER = "com.jessewonderclark.EarthTime-Watch-AppTests";
				PRODUCT_NAME = "$(TARGET_NAME)";
				SDKROOT = watchos;
				SWIFT_EMIT_LOC_STRINGS = NO;
				SWIFT_VERSION = 5.0;
				TARGETED_DEVICE_FAMILY = 4;
				TEST_HOST = "$(BUILT_PRODUCTS_DIR)/EarthTime Watch App.app/$(BUNDLE_EXECUTABLE_FOLDER_PATH)/EarthTime Watch App";
				VALIDATE_PRODUCT = YES;
				WATCHOS_DEPLOYMENT_TARGET = 9.4;
			};
			name = Release;
		};
		2D5185492AACE97B00521F20 /* Debug */ = {
			isa = XCBuildConfiguration;
			buildSettings = {
				ALWAYS_EMBED_SWIFT_STANDARD_LIBRARIES = YES;
				CODE_SIGN_STYLE = Automatic;
				CURRENT_PROJECT_VERSION = 1;
				DEVELOPMENT_TEAM = T95NG6LKAU;
				GENERATE_INFOPLIST_FILE = YES;
				MARKETING_VERSION = 1.0;
				PRODUCT_BUNDLE_IDENTIFIER = "com.jessewonderclark.EarthTime-Watch-AppUITests";
				PRODUCT_NAME = "$(TARGET_NAME)";
				SDKROOT = watchos;
				SWIFT_EMIT_LOC_STRINGS = NO;
				SWIFT_VERSION = 5.0;
				TARGETED_DEVICE_FAMILY = 4;
				TEST_TARGET_NAME = "EarthTime Watch App";
				WATCHOS_DEPLOYMENT_TARGET = 9.4;
			};
			name = Debug;
		};
		2D51854A2AACE97B00521F20 /* Release */ = {
			isa = XCBuildConfiguration;
			buildSettings = {
				ALWAYS_EMBED_SWIFT_STANDARD_LIBRARIES = YES;
				CODE_SIGN_STYLE = Automatic;
				CURRENT_PROJECT_VERSION = 1;
				DEVELOPMENT_TEAM = T95NG6LKAU;
				GENERATE_INFOPLIST_FILE = YES;
				MARKETING_VERSION = 1.0;
				PRODUCT_BUNDLE_IDENTIFIER = "com.jessewonderclark.EarthTime-Watch-AppUITests";
				PRODUCT_NAME = "$(TARGET_NAME)";
				SDKROOT = watchos;
				SWIFT_EMIT_LOC_STRINGS = NO;
				SWIFT_VERSION = 5.0;
				TARGETED_DEVICE_FAMILY = 4;
				TEST_TARGET_NAME = "EarthTime Watch App";
				VALIDATE_PRODUCT = YES;
				WATCHOS_DEPLOYMENT_TARGET = 9.4;
			};
			name = Release;
		};
/* End XCBuildConfiguration section */

/* Begin XCConfigurationList section */
		2D5184E72AACE97800521F20 /* Build configuration list for PBXProject "EarthTime" */ = {
			isa = XCConfigurationList;
			buildConfigurations = (
				2D5185362AACE97B00521F20 /* Debug */,
				2D5185372AACE97B00521F20 /* Release */,
			);
			defaultConfigurationIsVisible = 0;
			defaultConfigurationName = Release;
		};
		2D5185382AACE97B00521F20 /* Build configuration list for PBXNativeTarget "EarthTime Watch App" */ = {
			isa = XCConfigurationList;
			buildConfigurations = (
				2D5185392AACE97B00521F20 /* Debug */,
				2D51853A2AACE97B00521F20 /* Release */,
			);
			defaultConfigurationIsVisible = 0;
			defaultConfigurationName = Release;
		};
		2D51853C2AACE97B00521F20 /* Build configuration list for PBXNativeTarget "EarthTime" */ = {
			isa = XCConfigurationList;
			buildConfigurations = (
				2D51853D2AACE97B00521F20 /* Debug */,
				2D51853E2AACE97B00521F20 /* Release */,
			);
			defaultConfigurationIsVisible = 0;
			defaultConfigurationName = Release;
		};
		2D51853F2AACE97B00521F20 /* Build configuration list for PBXNativeTarget "EarthTimeTests" */ = {
			isa = XCConfigurationList;
			buildConfigurations = (
				2D5185402AACE97B00521F20 /* Debug */,
				2D5185412AACE97B00521F20 /* Release */,
			);
			defaultConfigurationIsVisible = 0;
			defaultConfigurationName = Release;
		};
		2D5185422AACE97B00521F20 /* Build configuration list for PBXNativeTarget "EarthTimeUITests" */ = {
			isa = XCConfigurationList;
			buildConfigurations = (
				2D5185432AACE97B00521F20 /* Debug */,
				2D5185442AACE97B00521F20 /* Release */,
			);
			defaultConfigurationIsVisible = 0;
			defaultConfigurationName = Release;
		};
		2D5185452AACE97B00521F20 /* Build configuration list for PBXNativeTarget "EarthTime Watch AppTests" */ = {
			isa = XCConfigurationList;
			buildConfigurations = (
				2D5185462AACE97B00521F20 /* Debug */,
				2D5185472AACE97B00521F20 /* Release */,
			);
			defaultConfigurationIsVisible = 0;
			defaultConfigurationName = Release;
		};
		2D5185482AACE97B00521F20 /* Build configuration list for PBXNativeTarget "EarthTime Watch AppUITests" */ = {
			isa = XCConfigurationList;
			buildConfigurations = (
				2D5185492AACE97B00521F20 /* Debug */,
				2D51854A2AACE97B00521F20 /* Release */,
			);
			defaultConfigurationIsVisible = 0;
			defaultConfigurationName = Release;
		};
/* End XCConfigurationList section */
	};
	rootObject = 2D5184E42AACE97800521F20 /* Project object */;
}
